// !$*UTF8*$!
{
	archiveVersion = 1;
	classes = {
	};
	objectVersion = 50;
	objects = {

/* Begin PBXBuildFile section */
		2C3D519024DEB762004D868C /* WeatherData.swift in Sources */ = {isa = PBXBuildFile; fileRef = 2C3D518F24DEB762004D868C /* WeatherData.swift */; };
		2C3D519224DEC0FE004D868C /* WeatherModel.swift in Sources */ = {isa = PBXBuildFile; fileRef = 2C3D519124DEC0FE004D868C /* WeatherModel.swift */; };
		2C73E81F24DD430500FA6277 /* WeatherManager.swift in Sources */ = {isa = PBXBuildFile; fileRef = 2C73E81E24DD430500FA6277 /* WeatherManager.swift */; };
		2C8AFE9A24DD222300748811 /* AppDelegate.swift in Sources */ = {isa = PBXBuildFile; fileRef = 2C8AFE9924DD222300748811 /* AppDelegate.swift */; };
		2C8AFE9C24DD222300748811 /* SceneDelegate.swift in Sources */ = {isa = PBXBuildFile; fileRef = 2C8AFE9B24DD222300748811 /* SceneDelegate.swift */; };
		2C8AFE9E24DD222300748811 /* WeatherViewController.swift in Sources */ = {isa = PBXBuildFile; fileRef = 2C8AFE9D24DD222300748811 /* WeatherViewController.swift */; };
		2C8AFEA124DD222300748811 /* Main.storyboard in Resources */ = {isa = PBXBuildFile; fileRef = 2C8AFE9F24DD222300748811 /* Main.storyboard */; };
		2C8AFEA324DD222500748811 /* Assets.xcassets in Resources */ = {isa = PBXBuildFile; fileRef = 2C8AFEA224DD222500748811 /* Assets.xcassets */; };
		2C8AFEA624DD222500748811 /* LaunchScreen.storyboard in Resources */ = {isa = PBXBuildFile; fileRef = 2C8AFEA424DD222500748811 /* LaunchScreen.storyboard */; };
/* End PBXBuildFile section */

/* Begin PBXFileReference section */
		2C3D518F24DEB762004D868C /* WeatherData.swift */ = {isa = PBXFileReference; lastKnownFileType = sourcecode.swift; path = WeatherData.swift; sourceTree = "<group>"; };
		2C3D519124DEC0FE004D868C /* WeatherModel.swift */ = {isa = PBXFileReference; lastKnownFileType = sourcecode.swift; path = WeatherModel.swift; sourceTree = "<group>"; };
		2C73E81E24DD430500FA6277 /* WeatherManager.swift */ = {isa = PBXFileReference; lastKnownFileType = sourcecode.swift; path = WeatherManager.swift; sourceTree = "<group>"; };
		2C8AFE9624DD222300748811 /* Weather App.app */ = {isa = PBXFileReference; explicitFileType = wrapper.application; includeInIndex = 0; path = "Weather App.app"; sourceTree = BUILT_PRODUCTS_DIR; };
		2C8AFE9924DD222300748811 /* AppDelegate.swift */ = {isa = PBXFileReference; lastKnownFileType = sourcecode.swift; path = AppDelegate.swift; sourceTree = "<group>"; };
		2C8AFE9B24DD222300748811 /* SceneDelegate.swift */ = {isa = PBXFileReference; lastKnownFileType = sourcecode.swift; path = SceneDelegate.swift; sourceTree = "<group>"; };
		2C8AFE9D24DD222300748811 /* WeatherViewController.swift */ = {isa = PBXFileReference; lastKnownFileType = sourcecode.swift; path = WeatherViewController.swift; sourceTree = "<group>"; };
		2C8AFEA024DD222300748811 /* Base */ = {isa = PBXFileReference; lastKnownFileType = file.storyboard; name = Base; path = Base.lproj/Main.storyboard; sourceTree = "<group>"; };
		2C8AFEA224DD222500748811 /* Assets.xcassets */ = {isa = PBXFileReference; lastKnownFileType = folder.assetcatalog; path = Assets.xcassets; sourceTree = "<group>"; };
		2C8AFEA524DD222500748811 /* Base */ = {isa = PBXFileReference; lastKnownFileType = file.storyboard; name = Base; path = Base.lproj/LaunchScreen.storyboard; sourceTree = "<group>"; };
		2C8AFEA724DD222500748811 /* Info.plist */ = {isa = PBXFileReference; lastKnownFileType = text.plist.xml; path = Info.plist; sourceTree = "<group>"; };
/* End PBXFileReference section */

/* Begin PBXFrameworksBuildPhase section */
		2C8AFE9324DD222300748811 /* Frameworks */ = {
			isa = PBXFrameworksBuildPhase;
			buildActionMask = 2147483647;
			files = (
			);
			runOnlyForDeploymentPostprocessing = 0;
		};
/* End PBXFrameworksBuildPhase section */

/* Begin PBXGroup section */
		2C13FC4724DD238A006E1B7B /* Model */ = {
			isa = PBXGroup;
			children = (
				2C73E81E24DD430500FA6277 /* WeatherManager.swift */,
				2C3D518F24DEB762004D868C /* WeatherData.swift */,
				2C3D519124DEC0FE004D868C /* WeatherModel.swift */,
			);
			path = Model;
			sourceTree = "<group>";
		};
		2C13FC4824DD239E006E1B7B /* View */ = {
			isa = PBXGroup;
			children = (
				2C8AFE9F24DD222300748811 /* Main.storyboard */,
			);
			path = View;
			sourceTree = "<group>";
		};
		2C13FC4924DD23B0006E1B7B /* Controller */ = {
			isa = PBXGroup;
			children = (
				2C8AFE9D24DD222300748811 /* WeatherViewController.swift */,
			);
			path = Controller;
			sourceTree = "<group>";
		};
		2C8AFE8D24DD222300748811 = {
			isa = PBXGroup;
			children = (
				2C8AFE9824DD222300748811 /* Weather App */,
				2C8AFE9724DD222300748811 /* Products */,
			);
			sourceTree = "<group>";
		};
		2C8AFE9724DD222300748811 /* Products */ = {
			isa = PBXGroup;
			children = (
				2C8AFE9624DD222300748811 /* Weather App.app */,
			);
			name = Products;
			sourceTree = "<group>";
		};
		2C8AFE9824DD222300748811 /* Weather App */ = {
			isa = PBXGroup;
			children = (
				2C8AFE9924DD222300748811 /* AppDelegate.swift */,
				2C8AFE9B24DD222300748811 /* SceneDelegate.swift */,
				2C13FC4724DD238A006E1B7B /* Model */,
				2C13FC4824DD239E006E1B7B /* View */,
				2C13FC4924DD23B0006E1B7B /* Controller */,
				2C8AFEA224DD222500748811 /* Assets.xcassets */,
				2C8AFEA424DD222500748811 /* LaunchScreen.storyboard */,
				2C8AFEA724DD222500748811 /* Info.plist */,
			);
			path = "Weather App";
			sourceTree = "<group>";
		};
/* End PBXGroup section */

/* Begin PBXNativeTarget section */
		2C8AFE9524DD222300748811 /* Weather App */ = {
			isa = PBXNativeTarget;
			buildConfigurationList = 2C8AFEAA24DD222500748811 /* Build configuration list for PBXNativeTarget "Weather App" */;
			buildPhases = (
				2C8AFE9224DD222300748811 /* Sources */,
				2C8AFE9324DD222300748811 /* Frameworks */,
				2C8AFE9424DD222300748811 /* Resources */,
			);
			buildRules = (
			);
			dependencies = (
			);
			name = "Weather App";
			productName = "Weather App";
			productReference = 2C8AFE9624DD222300748811 /* Weather App.app */;
			productType = "com.apple.product-type.application";
		};
/* End PBXNativeTarget section */

/* Begin PBXProject section */
		2C8AFE8E24DD222300748811 /* Project object */ = {
			isa = PBXProject;
			attributes = {
				LastSwiftUpdateCheck = 1160;
				LastUpgradeCheck = 1160;
				ORGANIZATIONNAME = "Fahim Shahriar";
				TargetAttributes = {
					2C8AFE9524DD222300748811 = {
						CreatedOnToolsVersion = 11.6;
					};
				};
			};
			buildConfigurationList = 2C8AFE9124DD222300748811 /* Build configuration list for PBXProject "Weather App" */;
			compatibilityVersion = "Xcode 9.3";
			developmentRegion = en;
			hasScannedForEncodings = 0;
			knownRegions = (
				en,
				Base,
			);
			mainGroup = 2C8AFE8D24DD222300748811;
			productRefGroup = 2C8AFE9724DD222300748811 /* Products */;
			projectDirPath = "";
			projectRoot = "";
			targets = (
				2C8AFE9524DD222300748811 /* Weather App */,
			);
		};
/* End PBXProject section */

/* Begin PBXResourcesBuildPhase section */
		2C8AFE9424DD222300748811 /* Resources */ = {
			isa = PBXResourcesBuildPhase;
			buildActionMask = 2147483647;
			files = (
				2C8AFEA624DD222500748811 /* LaunchScreen.storyboard in Resources */,
				2C8AFEA324DD222500748811 /* Assets.xcassets in Resources */,
				2C8AFEA124DD222300748811 /* Main.storyboard in Resources */,
			);
			runOnlyForDeploymentPostprocessing = 0;
		};
/* End PBXResourcesBuildPhase section */

/* Begin PBXSourcesBuildPhase section */
		2C8AFE9224DD222300748811 /* Sources */ = {
			isa = PBXSourcesBuildPhase;
			buildActionMask = 2147483647;
			files = (
				2C8AFE9E24DD222300748811 /* WeatherViewController.swift in Sources */,
				2C3D519024DEB762004D868C /* WeatherData.swift in Sources */,
				2C8AFE9A24DD222300748811 /* AppDelegate.swift in Sources */,
				2C73E81F24DD430500FA6277 /* WeatherManager.swift in Sources */,
				2C3D519224DEC0FE004D868C /* WeatherModel.swift in Sources */,
				2C8AFE9C24DD222300748811 /* SceneDelegate.swift in Sources */,
			);
			runOnlyForDeploymentPostprocessing = 0;
		};
/* End PBXSourcesBuildPhase section */

/* Begin PBXVariantGroup section */
		2C8AFE9F24DD222300748811 /* Main.storyboard */ = {
			isa = PBXVariantGroup;
			children = (
				2C8AFEA024DD222300748811 /* Base */,
			);
			name = Main.storyboard;
			sourceTree = "<group>";
		};
		2C8AFEA424DD222500748811 /* LaunchScreen.storyboard */ = {
			isa = PBXVariantGroup;
			children = (
				2C8AFEA524DD222500748811 /* Base */,
			);
			name = LaunchScreen.storyboard;
			sourceTree = "<group>";
		};
/* End PBXVariantGroup section */

/* Begin XCBuildConfiguration section */
		2C8AFEA824DD222500748811 /* Debug */ = {
			isa = XCBuildConfiguration;
			buildSettings = {
				ALWAYS_SEARCH_USER_PATHS = NO;
				CLANG_ANALYZER_NONNULL = YES;
				CLANG_ANALYZER_NUMBER_OBJECT_CONVERSION = YES_AGGRESSIVE;
				CLANG_CXX_LANGUAGE_STANDARD = "gnu++14";
				CLANG_CXX_LIBRARY = "libc++";
				CLANG_ENABLE_MODULES = YES;
				CLANG_ENABLE_OBJC_ARC = YES;
				CLANG_ENABLE_OBJC_WEAK = YES;
				CLANG_WARN_BLOCK_CAPTURE_AUTORELEASING = YES;
				CLANG_WARN_BOOL_CONVERSION = YES;
				CLANG_WARN_COMMA = YES;
				CLANG_WARN_CONSTANT_CONVERSION = YES;
				CLANG_WARN_DEPRECATED_OBJC_IMPLEMENTATIONS = YES;
				CLANG_WARN_DIRECT_OBJC_ISA_USAGE = YES_ERROR;
				CLANG_WARN_DOCUMENTATION_COMMENTS = YES;
				CLANG_WARN_EMPTY_BODY = YES;
				CLANG_WARN_ENUM_CONVERSION = YES;
				CLANG_WARN_INFINITE_RECURSION = YES;
				CLANG_WARN_INT_CONVERSION = YES;
				CLANG_WARN_NON_LITERAL_NULL_CONVERSION = YES;
				CLANG_WARN_OBJC_IMPLICIT_RETAIN_SELF = YES;
				CLANG_WARN_OBJC_LITERAL_CONVERSION = YES;
				CLANG_WARN_OBJC_ROOT_CLASS = YES_ERROR;
				CLANG_WARN_RANGE_LOOP_ANALYSIS = YES;
				CLANG_WARN_STRICT_PROTOTYPES = YES;
				CLANG_WARN_SUSPICIOUS_MOVE = YES;
				CLANG_WARN_UNGUARDED_AVAILABILITY = YES_AGGRESSIVE;
				CLANG_WARN_UNREACHABLE_CODE = YES;
				CLANG_WARN__DUPLICATE_METHOD_MATCH = YES;
				COPY_PHASE_STRIP = NO;
				DEBUG_INFORMATION_FORMAT = dwarf;
				ENABLE_STRICT_OBJC_MSGSEND = YES;
				ENABLE_TESTABILITY = YES;
				GCC_C_LANGUAGE_STANDARD = gnu11;
				GCC_DYNAMIC_NO_PIC = NO;
				GCC_NO_COMMON_BLOCKS = YES;
				GCC_OPTIMIZATION_LEVEL = 0;
				GCC_PREPROCESSOR_DEFINITIONS = (
					"DEBUG=1",
					"$(inherited)",
				);
				GCC_WARN_64_TO_32_BIT_CONVERSION = YES;
				GCC_WARN_ABOUT_RETURN_TYPE = YES_ERROR;
				GCC_WARN_UNDECLARED_SELECTOR = YES;
				GCC_WARN_UNINITIALIZED_AUTOS = YES_AGGRESSIVE;
				GCC_WARN_UNUSED_FUNCTION = YES;
				GCC_WARN_UNUSED_VARIABLE = YES;
				IPHONEOS_DEPLOYMENT_TARGET = 13.6;
				MTL_ENABLE_DEBUG_INFO = INCLUDE_SOURCE;
				MTL_FAST_MATH = YES;
				ONLY_ACTIVE_ARCH = YES;
				SDKROOT = iphoneos;
				SWIFT_ACTIVE_COMPILATION_CONDITIONS = DEBUG;
				SWIFT_OPTIMIZATION_LEVEL = "-Onone";
			};
			name = Debug;
		};
		2C8AFEA924DD222500748811 /* Release */ = {
			isa = XCBuildConfiguration;
			buildSettings = {
				ALWAYS_SEARCH_USER_PATHS = NO;
				CLANG_ANALYZER_NONNULL = YES;
				CLANG_ANALYZER_NUMBER_OBJECT_CONVERSION = YES_AGGRESSIVE;
				CLANG_CXX_LANGUAGE_STANDARD = "gnu++14";
				CLANG_CXX_LIBRARY = "libc++";
				CLANG_ENABLE_MODULES = YES;
				CLANG_ENABLE_OBJC_ARC = YES;
				CLANG_ENABLE_OBJC_WEAK = YES;
				CLANG_WARN_BLOCK_CAPTURE_AUTORELEASING = YES;
				CLANG_WARN_BOOL_CONVERSION = YES;
				CLANG_WARN_COMMA = YES;
				CLANG_WARN_CONSTANT_CONVERSION = YES;
				CLANG_WARN_DEPRECATED_OBJC_IMPLEMENTATIONS = YES;
				CLANG_WARN_DIRECT_OBJC_ISA_USAGE = YES_ERROR;
				CLANG_WARN_DOCUMENTATION_COMMENTS = YES;
				CLANG_WARN_EMPTY_BODY = YES;
				CLANG_WARN_ENUM_CONVERSION = YES;
				CLANG_WARN_INFINITE_RECURSION = YES;
				CLANG_WARN_INT_CONVERSION = YES;
				CLANG_WARN_NON_LITERAL_NULL_CONVERSION = YES;
				CLANG_WARN_OBJC_IMPLICIT_RETAIN_SELF = YES;
				CLANG_WARN_OBJC_LITERAL_CONVERSION = YES;
				CLANG_WARN_OBJC_ROOT_CLASS = YES_ERROR;
				CLANG_WARN_RANGE_LOOP_ANALYSIS = YES;
				CLANG_WARN_STRICT_PROTOTYPES = YES;
				CLANG_WARN_SUSPICIOUS_MOVE = YES;
				CLANG_WARN_UNGUARDED_AVAILABILITY = YES_AGGRESSIVE;
				CLANG_WARN_UNREACHABLE_CODE = YES;
				CLANG_WARN__DUPLICATE_METHOD_MATCH = YES;
				COPY_PHASE_STRIP = NO;
				DEBUG_INFORMATION_FORMAT = "dwarf-with-dsym";
				ENABLE_NS_ASSERTIONS = NO;
				ENABLE_STRICT_OBJC_MSGSEND = YES;
				GCC_C_LANGUAGE_STANDARD = gnu11;
				GCC_NO_COMMON_BLOCKS = YES;
				GCC_WARN_64_TO_32_BIT_CONVERSION = YES;
				GCC_WARN_ABOUT_RETURN_TYPE = YES_ERROR;
				GCC_WARN_UNDECLARED_SELECTOR = YES;
				GCC_WARN_UNINITIALIZED_AUTOS = YES_AGGRESSIVE;
				GCC_WARN_UNUSED_FUNCTION = YES;
				GCC_WARN_UNUSED_VARIABLE = YES;
				IPHONEOS_DEPLOYMENT_TARGET = 13.6;
				MTL_ENABLE_DEBUG_INFO = NO;
				MTL_FAST_MATH = YES;
				SDKROOT = iphoneos;
				SWIFT_COMPILATION_MODE = wholemodule;
				SWIFT_OPTIMIZATION_LEVEL = "-O";
				VALIDATE_PRODUCT = YES;
			};
			name = Release;
		};
		2C8AFEAB24DD222500748811 /* Debug */ = {
			isa = XCBuildConfiguration;
			buildSettings = {
				ASSETCATALOG_COMPILER_APPICON_NAME = AppIcon;
				CODE_SIGN_STYLE = Automatic;
				INFOPLIST_FILE = "Weather App/Info.plist";
				LD_RUNPATH_SEARCH_PATHS = (
					"$(inherited)",
					"@executable_path/Frameworks",
				);
				PRODUCT_BUNDLE_IDENTIFIER = "com.fahimshahriar.Weather-App";
				PRODUCT_NAME = "$(TARGET_NAME)";
				SWIFT_VERSION = 5.0;
				TARGETED_DEVICE_FAMILY = "1,2";
			};
			name = Debug;
		};
		2C8AFEAC24DD222500748811 /* Release */ = {
			isa = XCBuildConfiguration;
			buildSettings = {
				ASSETCATALOG_COMPILER_APPICON_NAME = AppIcon;
				CODE_SIGN_STYLE = Automatic;
				INFOPLIST_FILE = "Weather App/Info.plist";
				LD_RUNPATH_SEARCH_PATHS = (
					"$(inherited)",
					"@executable_path/Frameworks",
				);
				PRODUCT_BUNDLE_IDENTIFIER = "com.fahimshahriar.Weather-App";
				PRODUCT_NAME = "$(TARGET_NAME)";
				SWIFT_VERSION = 5.0;
				TARGETED_DEVICE_FAMILY = "1,2";
			};
			name = Release;
		};
/* End XCBuildConfiguration section */

/* Begin XCConfigurationList section */
		2C8AFE9124DD222300748811 /* Build configuration list for PBXProject "Weather App" */ = {
			isa = XCConfigurationList;
			buildConfigurations = (
				2C8AFEA824DD222500748811 /* Debug */,
				2C8AFEA924DD222500748811 /* Release */,
			);
			defaultConfigurationIsVisible = 0;
			defaultConfigurationName = Release;
		};
		2C8AFEAA24DD222500748811 /* Build configuration list for PBXNativeTarget "Weather App" */ = {
			isa = XCConfigurationList;
			buildConfigurations = (
				2C8AFEAB24DD222500748811 /* Debug */,
				2C8AFEAC24DD222500748811 /* Release */,
			);
			defaultConfigurationIsVisible = 0;
			defaultConfigurationName = Release;
		};
/* End XCConfigurationList section */
	};
	rootObject = 2C8AFE8E24DD222300748811 /* Project object */;
}
